
Microsoft Visual Studio Solution File, Format Version 12.00
# Visual Studio 2012
Project("{FAE04EC0-301F-11D3-BF4B-00C04F79EFBC}") = "WcfService1", "WcfService1\WcfService1.csproj", "{B63F7E69-3B35-490A-BE2D-E1A54F1E4DA7}"
EndProject
Global
	GlobalSection(SolutionConfigurationPlatforms) = preSolution
		Debug|Any CPU = Debug|Any CPU
		Release|Any CPU = Release|Any CPU
	EndGlobalSection
	GlobalSection(ProjectConfigurationPlatforms) = postSolution
		{B63F7E69-3B35-490A-BE2D-E1A54F1E4DA7}.Debug|Any CPU.ActiveCfg = Debug|Any CPU
		{B63F7E69-3B35-490A-BE2D-E1A54F1E4DA7}.Debug|Any CPU.Build.0 = Debug|Any CPU
		{B63F7E69-3B35-490A-BE2D-E1A54F1E4DA7}.Release|Any CPU.ActiveCfg = Release|Any CPU
		{B63F7E69-3B35-490A-BE2D-E1A54F1E4DA7}.Release|Any CPU.Build.0 = Release|Any CPU
	EndGlobalSection
	GlobalSection(SolutionProperties) = preSolution
		HideSolutionNode = FALSE
	EndGlobalSection
EndGlobal
