
Microsoft Visual Studio Solution File, Format Version 11.00
# Visual Studio 2010
Project("{FAE04EC0-301F-11D3-BF4B-00C04F79EFBC}") = "DB_Reader", "DB_Reader\DB_Reader.csproj", "{355767AE-AF13-4AB7-9B0D-99B287CA7082}"
EndProject
Global
	GlobalSection(SolutionConfigurationPlatforms) = preSolution
		Debug|Any CPU = Debug|Any CPU
		Release|Any CPU = Release|Any CPU
	EndGlobalSection
	GlobalSection(ProjectConfigurationPlatforms) = postSolution
		{355767AE-AF13-4AB7-9B0D-99B287CA7082}.Debug|Any CPU.ActiveCfg = Debug|Any CPU
		{355767AE-AF13-4AB7-9B0D-99B287CA7082}.Debug|Any CPU.Build.0 = Debug|Any CPU
		{355767AE-AF13-4AB7-9B0D-99B287CA7082}.Release|Any CPU.ActiveCfg = Release|Any CPU
		{355767AE-AF13-4AB7-9B0D-99B287CA7082}.Release|Any CPU.Build.0 = Release|Any CPU
	EndGlobalSection
	GlobalSection(SolutionProperties) = preSolution
		HideSolutionNode = FALSE
	EndGlobalSection
EndGlobal
