
Microsoft Visual Studio Solution File, Format Version 12.00
# Visual Studio 2012
Project("{FAE04EC0-301F-11D3-BF4B-00C04F79EFBC}") = "GradesAdministrationSystem", "GradesAdministrationSystem\GradesAdministrationSystem.csproj", "{628F0E89-1197-431B-8500-2653087313A2}"
EndProject
Project("{E24C65DC-7377-472B-9ABA-BC803B73C61A}") = "Website", "http://localhost:62630", "{FCB8732C-8255-42CC-8F2E-3FB22633B279}"
	ProjectSection(WebsiteProperties) = preProject
		UseIISExpress = "true"
		TargetFrameworkMoniker = ".NETFramework,Version%3Dv4.5"
		Debug.AspNetCompiler.VirtualPath = "/localhost_62630"
		Debug.AspNetCompiler.PhysicalPath = "..\Website\"
		Debug.AspNetCompiler.TargetPath = "PrecompiledWeb\localhost_62630\"
		Debug.AspNetCompiler.Updateable = "true"
		Debug.AspNetCompiler.ForceOverwrite = "true"
		Debug.AspNetCompiler.FixedNames = "false"
		Debug.AspNetCompiler.Debug = "True"
		Release.AspNetCompiler.VirtualPath = "/localhost_62630"
		Release.AspNetCompiler.PhysicalPath = "..\Website\"
		Release.AspNetCompiler.TargetPath = "PrecompiledWeb\localhost_62630\"
		Release.AspNetCompiler.Updateable = "true"
		Release.AspNetCompiler.ForceOverwrite = "true"
		Release.AspNetCompiler.FixedNames = "false"
		Release.AspNetCompiler.Debug = "False"
		SlnRelativePath = "..\Website\"
		DefaultWebSiteLanguage = "Visual C#"
	EndProjectSection
EndProject
Global
	GlobalSection(SolutionConfigurationPlatforms) = preSolution
		Debug|Any CPU = Debug|Any CPU
		Release|Any CPU = Release|Any CPU
	EndGlobalSection
	GlobalSection(ProjectConfigurationPlatforms) = postSolution
		{628F0E89-1197-431B-8500-2653087313A2}.Debug|Any CPU.ActiveCfg = Debug|Any CPU
		{628F0E89-1197-431B-8500-2653087313A2}.Debug|Any CPU.Build.0 = Debug|Any CPU
		{628F0E89-1197-431B-8500-2653087313A2}.Release|Any CPU.ActiveCfg = Release|Any CPU
		{628F0E89-1197-431B-8500-2653087313A2}.Release|Any CPU.Build.0 = Release|Any CPU
		{FCB8732C-8255-42CC-8F2E-3FB22633B279}.Debug|Any CPU.ActiveCfg = Debug|Any CPU
		{FCB8732C-8255-42CC-8F2E-3FB22633B279}.Debug|Any CPU.Build.0 = Debug|Any CPU
		{FCB8732C-8255-42CC-8F2E-3FB22633B279}.Release|Any CPU.ActiveCfg = Debug|Any CPU
		{FCB8732C-8255-42CC-8F2E-3FB22633B279}.Release|Any CPU.Build.0 = Debug|Any CPU
	EndGlobalSection
	GlobalSection(SolutionProperties) = preSolution
		HideSolutionNode = FALSE
	EndGlobalSection
EndGlobal
