
Microsoft Visual Studio Solution File, Format Version 12.00
# Visual Studio 2012
Project("{FAE04EC0-301F-11D3-BF4B-00C04F79EFBC}") = "PersonListDataBinding", "PersonListDataBinding\PersonListDataBinding.csproj", "{2F727F9D-4DD9-4AF3-8930-99D60F5D164C}"
EndProject
Global
	GlobalSection(SolutionConfigurationPlatforms) = preSolution
		Debug|Any CPU = Debug|Any CPU
		Release|Any CPU = Release|Any CPU
	EndGlobalSection
	GlobalSection(ProjectConfigurationPlatforms) = postSolution
		{2F727F9D-4DD9-4AF3-8930-99D60F5D164C}.Debug|Any CPU.ActiveCfg = Debug|Any CPU
		{2F727F9D-4DD9-4AF3-8930-99D60F5D164C}.Debug|Any CPU.Build.0 = Debug|Any CPU
		{2F727F9D-4DD9-4AF3-8930-99D60F5D164C}.Release|Any CPU.ActiveCfg = Release|Any CPU
		{2F727F9D-4DD9-4AF3-8930-99D60F5D164C}.Release|Any CPU.Build.0 = Release|Any CPU
	EndGlobalSection
	GlobalSection(SolutionProperties) = preSolution
		HideSolutionNode = FALSE
	EndGlobalSection
EndGlobal
