
Microsoft Visual Studio Solution File, Format Version 12.00
# Visual Studio 2012
Project("{FAE04EC0-301F-11D3-BF4B-00C04F79EFBC}") = "ArrayFindAll(LambdaExpression)", "ArrayFindAll(LambdaExpression)\ArrayFindAll(LambdaExpression).csproj", "{3218B496-0B5B-4421-A4F8-E868647D0D67}"
EndProject
Global
	GlobalSection(SolutionConfigurationPlatforms) = preSolution
		Debug|Any CPU = Debug|Any CPU
		Release|Any CPU = Release|Any CPU
	EndGlobalSection
	GlobalSection(ProjectConfigurationPlatforms) = postSolution
		{3218B496-0B5B-4421-A4F8-E868647D0D67}.Debug|Any CPU.ActiveCfg = Debug|Any CPU
		{3218B496-0B5B-4421-A4F8-E868647D0D67}.Debug|Any CPU.Build.0 = Debug|Any CPU
		{3218B496-0B5B-4421-A4F8-E868647D0D67}.Release|Any CPU.ActiveCfg = Release|Any CPU
		{3218B496-0B5B-4421-A4F8-E868647D0D67}.Release|Any CPU.Build.0 = Release|Any CPU
	EndGlobalSection
	GlobalSection(SolutionProperties) = preSolution
		HideSolutionNode = FALSE
	EndGlobalSection
EndGlobal
