
Microsoft Visual Studio Solution File, Format Version 11.00
# Visual Studio 2010
Project("{FAE04EC0-301F-11D3-BF4B-00C04F79EFBC}") = "ListBinding2", "ListBinding2\ListBinding2.csproj", "{AAA69C98-026E-4948-A7D6-3F2BEFAEF75A}"
EndProject
Global
	GlobalSection(SolutionConfigurationPlatforms) = preSolution
		Debug|Any CPU = Debug|Any CPU
		Release|Any CPU = Release|Any CPU
	EndGlobalSection
	GlobalSection(ProjectConfigurationPlatforms) = postSolution
		{AAA69C98-026E-4948-A7D6-3F2BEFAEF75A}.Debug|Any CPU.ActiveCfg = Debug|Any CPU
		{AAA69C98-026E-4948-A7D6-3F2BEFAEF75A}.Debug|Any CPU.Build.0 = Debug|Any CPU
		{AAA69C98-026E-4948-A7D6-3F2BEFAEF75A}.Release|Any CPU.ActiveCfg = Release|Any CPU
		{AAA69C98-026E-4948-A7D6-3F2BEFAEF75A}.Release|Any CPU.Build.0 = Release|Any CPU
	EndGlobalSection
	GlobalSection(SolutionProperties) = preSolution
		HideSolutionNode = FALSE
	EndGlobalSection
EndGlobal
