
Microsoft Visual Studio Solution File, Format Version 12.00
# Visual Studio 2012
Project("{FAE04EC0-301F-11D3-BF4B-00C04F79EFBC}") = "ThreadFromPool", "ThreadFromPool\ThreadFromPool.csproj", "{DDD8D47C-3F34-4BED-9854-D8EC221EEAEB}"
EndProject
Global
	GlobalSection(SolutionConfigurationPlatforms) = preSolution
		Debug|Any CPU = Debug|Any CPU
		Release|Any CPU = Release|Any CPU
	EndGlobalSection
	GlobalSection(ProjectConfigurationPlatforms) = postSolution
		{DDD8D47C-3F34-4BED-9854-D8EC221EEAEB}.Debug|Any CPU.ActiveCfg = Debug|Any CPU
		{DDD8D47C-3F34-4BED-9854-D8EC221EEAEB}.Debug|Any CPU.Build.0 = Debug|Any CPU
		{DDD8D47C-3F34-4BED-9854-D8EC221EEAEB}.Release|Any CPU.ActiveCfg = Release|Any CPU
		{DDD8D47C-3F34-4BED-9854-D8EC221EEAEB}.Release|Any CPU.Build.0 = Release|Any CPU
	EndGlobalSection
	GlobalSection(SolutionProperties) = preSolution
		HideSolutionNode = FALSE
	EndGlobalSection
EndGlobal
