
Microsoft Visual Studio Solution File, Format Version 12.00
# Visual Studio 2012
Project("{E24C65DC-7377-472B-9ABA-BC803B73C61A}") = "WorkspaceVisualStudio1", "http://localhost:57058", "{B69F1F34-413E-4EB0-A6F7-785FE5734B3F}"
	ProjectSection(WebsiteProperties) = preProject
		UseIISExpress = "true"
		TargetFrameworkMoniker = ".NETFramework,Version%3Dv4.5"
		Debug.AspNetCompiler.VirtualPath = "/localhost_57058"
		Debug.AspNetCompiler.PhysicalPath = "..\..\..\..\WorkspaceVisualStudio1\"
		Debug.AspNetCompiler.TargetPath = "PrecompiledWeb\localhost_57058\"
		Debug.AspNetCompiler.Updateable = "true"
		Debug.AspNetCompiler.ForceOverwrite = "true"
		Debug.AspNetCompiler.FixedNames = "false"
		Debug.AspNetCompiler.Debug = "True"
		Release.AspNetCompiler.VirtualPath = "/localhost_57058"
		Release.AspNetCompiler.PhysicalPath = "..\..\..\..\WorkspaceVisualStudio1\"
		Release.AspNetCompiler.TargetPath = "PrecompiledWeb\localhost_57058\"
		Release.AspNetCompiler.Updateable = "true"
		Release.AspNetCompiler.ForceOverwrite = "true"
		Release.AspNetCompiler.FixedNames = "false"
		Release.AspNetCompiler.Debug = "False"
		SlnRelativePath = "..\..\..\..\WorkspaceVisualStudio1\"
		DefaultWebSiteLanguage = "Visual C#"
	EndProjectSection
EndProject
Global
	GlobalSection(SolutionConfigurationPlatforms) = preSolution
		Debug|Any CPU = Debug|Any CPU
	EndGlobalSection
	GlobalSection(ProjectConfigurationPlatforms) = postSolution
		{B69F1F34-413E-4EB0-A6F7-785FE5734B3F}.Debug|Any CPU.ActiveCfg = Debug|Any CPU
		{B69F1F34-413E-4EB0-A6F7-785FE5734B3F}.Debug|Any CPU.Build.0 = Debug|Any CPU
	EndGlobalSection
	GlobalSection(SolutionProperties) = preSolution
		HideSolutionNode = FALSE
	EndGlobalSection
EndGlobal
