
Microsoft Visual Studio Solution File, Format Version 11.00
# Visual Studio 2010
Project("{FAE04EC0-301F-11D3-BF4B-00C04F79EFBC}") = "DemoThreadByDelegate", "DemoThreadByDelegate\DemoThreadByDelegate.csproj", "{8417888A-1A07-46DB-8360-DB0EA6F06A5D}"
EndProject
Global
	GlobalSection(SolutionConfigurationPlatforms) = preSolution
		Debug|Any CPU = Debug|Any CPU
		Release|Any CPU = Release|Any CPU
	EndGlobalSection
	GlobalSection(ProjectConfigurationPlatforms) = postSolution
		{8417888A-1A07-46DB-8360-DB0EA6F06A5D}.Debug|Any CPU.ActiveCfg = Debug|Any CPU
		{8417888A-1A07-46DB-8360-DB0EA6F06A5D}.Debug|Any CPU.Build.0 = Debug|Any CPU
		{8417888A-1A07-46DB-8360-DB0EA6F06A5D}.Release|Any CPU.ActiveCfg = Release|Any CPU
		{8417888A-1A07-46DB-8360-DB0EA6F06A5D}.Release|Any CPU.Build.0 = Release|Any CPU
	EndGlobalSection
	GlobalSection(SolutionProperties) = preSolution
		HideSolutionNode = FALSE
	EndGlobalSection
EndGlobal
